schema: '2.0'
stages:
  training:
    cmd: python train.py data_12 scores.json loss.json accuracy.json
    deps:
    - path: data_12
      md5: e66b367245ed451b074c28483a2fed55.dir
      size: 56722370
      nfiles: 9687
    - path: train.py
      md5: c6f9c9f512ce72c869f84a890219a144
      size: 4834
    params:
      params.yaml:
        training.epochs: 10
    outs:
    - path: accuracy_test.json
      md5: 43de0ac10513f5d287ef5296a7e6e850
      size: 702
    - path: accuracy_train.json
      md5: 1053ce86dabee69116c5466f0c2db708
      size: 714
    - path: loss_test.json
      md5: 3621c008b47f4ab263e8fb4b76b92462
      size: 710
    - path: loss_train.json
      md5: 1fdfc017f3577bfc4138c633180f6181
      size: 722
    - path: saved_model
      md5: b2b2cbcb2c9f9f02dfe7a2f58120a6f0.dir
      size: 2803421
      nfiles: 3
    - path: scores.json
      md5: ea12da90fd2e821cf15c2ab6bfc68d6d
      size: 72
  testing:
    cmd: python test.py saved_model
    deps:
    - path: saved_model
      md5: b2b2cbcb2c9f9f02dfe7a2f58120a6f0.dir
      size: 2803421
      nfiles: 3
    - path: test.py
      md5: e5fc1375f44d9c5f7d3b0dd1d9e88dc4
      size: 2662
    outs:
    - path: output
      md5: 43baa3e1bd74492bea039db934afc3da.dir
      size: 32134
      nfiles: 1
